
Microsoft Visual Studio Solution File, Format Version 12.00
# Visual Studio Version 17
VisualStudioVersion = 17.3.32929.385
MinimumVisualStudioVersion = 10.0.40219.1
Project("{FAE04EC0-301F-11D3-BF4B-00C04F79EFBC}") = "NdRViagens", "NdRViagens\NdRViagens.csproj", "{1F9E15A2-5646-402E-AFBD-CE097B2847FC}"
EndProject
Global
	GlobalSection(SolutionConfigurationPlatforms) = preSolution
		Debug|Any CPU = Debug|Any CPU
		Release|Any CPU = Release|Any CPU
	EndGlobalSection
	GlobalSection(ProjectConfigurationPlatforms) = postSolution
		{1F9E15A2-5646-402E-AFBD-CE097B2847FC}.Debug|Any CPU.ActiveCfg = Debug|Any CPU
		{1F9E15A2-5646-402E-AFBD-CE097B2847FC}.Debug|Any CPU.Build.0 = Debug|Any CPU
		{1F9E15A2-5646-402E-AFBD-CE097B2847FC}.Release|Any CPU.ActiveCfg = Release|Any CPU
		{1F9E15A2-5646-402E-AFBD-CE097B2847FC}.Release|Any CPU.Build.0 = Release|Any CPU
	EndGlobalSection
	GlobalSection(SolutionProperties) = preSolution
		HideSolutionNode = FALSE
	EndGlobalSection
	GlobalSection(ExtensibilityGlobals) = postSolution
		SolutionGuid = {8CFBD953-476E-42D1-819B-A93904E4E427}
	EndGlobalSection
EndGlobal
